
Microsoft Visual Studio Solution File, Format Version 12.00
# Visual Studio 15
VisualStudioVersion = 15.0.27703.2042
MinimumVisualStudioVersion = 10.0.40219.1
Project("{8BC9CEB8-8B4A-11D0-8D11-00A0C91BC942}") = "test_11_31", "test_11_31\test_11_31.vcxproj", "{384DCA24-F411-478C-8B0F-A67876CA32B6}"
EndProject
Global
	GlobalSection(SolutionConfigurationPlatforms) = preSolution
		Debug|x64 = Debug|x64
		Debug|x86 = Debug|x86
		Release|x64 = Release|x64
		Release|x86 = Release|x86
	EndGlobalSection
	GlobalSection(ProjectConfigurationPlatforms) = postSolution
		{384DCA24-F411-478C-8B0F-A67876CA32B6}.Debug|x64.ActiveCfg = Debug|x64
		{384DCA24-F411-478C-8B0F-A67876CA32B6}.Debug|x64.Build.0 = Debug|x64
		{384DCA24-F411-478C-8B0F-A67876CA32B6}.Debug|x86.ActiveCfg = Debug|Win32
		{384DCA24-F411-478C-8B0F-A67876CA32B6}.Debug|x86.Build.0 = Debug|Win32
		{384DCA24-F411-478C-8B0F-A67876CA32B6}.Release|x64.ActiveCfg = Release|x64
		{384DCA24-F411-478C-8B0F-A67876CA32B6}.Release|x64.Build.0 = Release|x64
		{384DCA24-F411-478C-8B0F-A67876CA32B6}.Release|x86.ActiveCfg = Release|Win32
		{384DCA24-F411-478C-8B0F-A67876CA32B6}.Release|x86.Build.0 = Release|Win32
	EndGlobalSection
	GlobalSection(SolutionProperties) = preSolution
		HideSolutionNode = FALSE
	EndGlobalSection
	GlobalSection(ExtensibilityGlobals) = postSolution
		SolutionGuid = {18CE138D-2363-4B2D-91AF-321011F1A216}
	EndGlobalSection
EndGlobal
