
Microsoft Visual Studio Solution File, Format Version 12.00
# Visual Studio 15
VisualStudioVersion = 15.0.27703.2042
MinimumVisualStudioVersion = 10.0.40219.1
Project("{8BC9CEB8-8B4A-11D0-8D11-00A0C91BC942}") = "test_10_9", "test_10_9\test_10_9.vcxproj", "{A0E3F2D5-161F-47AF-B7BE-68C56A8A7BCC}"
EndProject
Global
	GlobalSection(SolutionConfigurationPlatforms) = preSolution
		Debug|x64 = Debug|x64
		Debug|x86 = Debug|x86
		Release|x64 = Release|x64
		Release|x86 = Release|x86
	EndGlobalSection
	GlobalSection(ProjectConfigurationPlatforms) = postSolution
		{A0E3F2D5-161F-47AF-B7BE-68C56A8A7BCC}.Debug|x64.ActiveCfg = Debug|x64
		{A0E3F2D5-161F-47AF-B7BE-68C56A8A7BCC}.Debug|x64.Build.0 = Debug|x64
		{A0E3F2D5-161F-47AF-B7BE-68C56A8A7BCC}.Debug|x86.ActiveCfg = Debug|Win32
		{A0E3F2D5-161F-47AF-B7BE-68C56A8A7BCC}.Debug|x86.Build.0 = Debug|Win32
		{A0E3F2D5-161F-47AF-B7BE-68C56A8A7BCC}.Release|x64.ActiveCfg = Release|x64
		{A0E3F2D5-161F-47AF-B7BE-68C56A8A7BCC}.Release|x64.Build.0 = Release|x64
		{A0E3F2D5-161F-47AF-B7BE-68C56A8A7BCC}.Release|x86.ActiveCfg = Release|Win32
		{A0E3F2D5-161F-47AF-B7BE-68C56A8A7BCC}.Release|x86.Build.0 = Release|Win32
	EndGlobalSection
	GlobalSection(SolutionProperties) = preSolution
		HideSolutionNode = FALSE
	EndGlobalSection
	GlobalSection(ExtensibilityGlobals) = postSolution
		SolutionGuid = {61C7D8B5-02D0-4307-81D0-1AE2978BC0FE}
	EndGlobalSection
EndGlobal
